// !$*UTF8*$!
{
	archiveVersion = 1;
	classes = {
	};
	objectVersion = 46;
	objects = {

/* Begin PBXBuildFile section */
		3C1725EE1F75B04A005E0DEA /* AppDelegate.swift in Sources */ = {isa = PBXBuildFile; fileRef = 3C1725ED1F75B04A005E0DEA /* AppDelegate.swift */; };
		3C1725F31F75B04A005E0DEA /* Main.storyboard in Resources */ = {isa = PBXBuildFile; fileRef = 3C1725F11F75B04A005E0DEA /* Main.storyboard */; };
		3C1725F51F75B04A005E0DEA /* Assets.xcassets in Resources */ = {isa = PBXBuildFile; fileRef = 3C1725F41F75B04A005E0DEA /* Assets.xcassets */; };
		3C1725F81F75B04A005E0DEA /* LaunchScreen.storyboard in Resources */ = {isa = PBXBuildFile; fileRef = 3C1725F61F75B04A005E0DEA /* LaunchScreen.storyboard */; };
		3C1726011F75B194005E0DEA /* ViewController.swift in Sources */ = {isa = PBXBuildFile; fileRef = 3C1726001F75B194005E0DEA /* ViewController.swift */; };
		3C1726031F75B455005E0DEA /* GreetingsViewController.swift in Sources */ = {isa = PBXBuildFile; fileRef = 3C1726021F75B455005E0DEA /* GreetingsViewController.swift */; };
		3C17260C1F760795005E0DEA /* LoginViewController.swift in Sources */ = {isa = PBXBuildFile; fileRef = 3C17260A1F760795005E0DEA /* LoginViewController.swift */; };
		3C17260D1F760795005E0DEA /* PresentViewController.swift in Sources */ = {isa = PBXBuildFile; fileRef = 3C17260B1F760795005E0DEA /* PresentViewController.swift */; };
/* End PBXBuildFile section */

/* Begin PBXFileReference section */
		3C1725EA1F75B04A005E0DEA /* PresentANewViewController.app */ = {isa = PBXFileReference; explicitFileType = wrapper.application; includeInIndex = 0; path = PresentANewViewController.app; sourceTree = BUILT_PRODUCTS_DIR; };
		3C1725ED1F75B04A005E0DEA /* AppDelegate.swift */ = {isa = PBXFileReference; lastKnownFileType = sourcecode.swift; path = AppDelegate.swift; sourceTree = "<group>"; };
		3C1725F21F75B04A005E0DEA /* Base */ = {isa = PBXFileReference; lastKnownFileType = file.storyboard; name = Base; path = Base.lproj/Main.storyboard; sourceTree = "<group>"; };
		3C1725F41F75B04A005E0DEA /* Assets.xcassets */ = {isa = PBXFileReference; lastKnownFileType = folder.assetcatalog; path = Assets.xcassets; sourceTree = "<group>"; };
		3C1725F71F75B04A005E0DEA /* Base */ = {isa = PBXFileReference; lastKnownFileType = file.storyboard; name = Base; path = Base.lproj/LaunchScreen.storyboard; sourceTree = "<group>"; };
		3C1725F91F75B04A005E0DEA /* Info.plist */ = {isa = PBXFileReference; lastKnownFileType = text.plist.xml; path = Info.plist; sourceTree = "<group>"; };
		3C1726001F75B194005E0DEA /* ViewController.swift */ = {isa = PBXFileReference; fileEncoding = 4; lastKnownFileType = sourcecode.swift; path = ViewController.swift; sourceTree = "<group>"; };
		3C1726021F75B455005E0DEA /* GreetingsViewController.swift */ = {isa = PBXFileReference; fileEncoding = 4; lastKnownFileType = sourcecode.swift; path = GreetingsViewController.swift; sourceTree = "<group>"; };
		3C17260A1F760795005E0DEA /* LoginViewController.swift */ = {isa = PBXFileReference; fileEncoding = 4; lastKnownFileType = sourcecode.swift; path = LoginViewController.swift; sourceTree = "<group>"; };
		3C17260B1F760795005E0DEA /* PresentViewController.swift */ = {isa = PBXFileReference; fileEncoding = 4; lastKnownFileType = sourcecode.swift; path = PresentViewController.swift; sourceTree = "<group>"; };
/* End PBXFileReference section */

/* Begin PBXFrameworksBuildPhase section */
		3C1725E71F75B04A005E0DEA /* Frameworks */ = {
			isa = PBXFrameworksBuildPhase;
			buildActionMask = 2147483647;
			files = (
			);
			runOnlyForDeploymentPostprocessing = 0;
		};
/* End PBXFrameworksBuildPhase section */

/* Begin PBXGroup section */
		3C1725E11F75B04A005E0DEA = {
			isa = PBXGroup;
			children = (
				3C1725EC1F75B04A005E0DEA /* PresentANewViewController */,
				3C1725EB1F75B04A005E0DEA /* Products */,
			);
			sourceTree = "<group>";
		};
		3C1725EB1F75B04A005E0DEA /* Products */ = {
			isa = PBXGroup;
			children = (
				3C1725EA1F75B04A005E0DEA /* PresentANewViewController.app */,
			);
			name = Products;
			sourceTree = "<group>";
		};
		3C1725EC1F75B04A005E0DEA /* PresentANewViewController */ = {
			isa = PBXGroup;
			children = (
				3C1725FF1F75B194005E0DEA /* Controllers */,
				3C1725ED1F75B04A005E0DEA /* AppDelegate.swift */,
				3C1725F11F75B04A005E0DEA /* Main.storyboard */,
				3C1725F41F75B04A005E0DEA /* Assets.xcassets */,
				3C1725F61F75B04A005E0DEA /* LaunchScreen.storyboard */,
				3C1725F91F75B04A005E0DEA /* Info.plist */,
			);
			path = PresentANewViewController;
			sourceTree = "<group>";
		};
		3C1725FF1F75B194005E0DEA /* Controllers */ = {
			isa = PBXGroup;
			children = (
				3C17260A1F760795005E0DEA /* LoginViewController.swift */,
				3C17260B1F760795005E0DEA /* PresentViewController.swift */,
				3C1726001F75B194005E0DEA /* ViewController.swift */,
				3C1726021F75B455005E0DEA /* GreetingsViewController.swift */,
			);
			path = Controllers;
			sourceTree = "<group>";
		};
/* End PBXGroup section */

/* Begin PBXNativeTarget section */
		3C1725E91F75B04A005E0DEA /* PresentANewViewController */ = {
			isa = PBXNativeTarget;
			buildConfigurationList = 3C1725FC1F75B04A005E0DEA /* Build configuration list for PBXNativeTarget "PresentANewViewController" */;
			buildPhases = (
				3C1725E61F75B04A005E0DEA /* Sources */,
				3C1725E71F75B04A005E0DEA /* Frameworks */,
				3C1725E81F75B04A005E0DEA /* Resources */,
			);
			buildRules = (
			);
			dependencies = (
			);
			name = PresentANewViewController;
			productName = PresentANewViewController;
			productReference = 3C1725EA1F75B04A005E0DEA /* PresentANewViewController.app */;
			productType = "com.apple.product-type.application";
		};
/* End PBXNativeTarget section */

/* Begin PBXProject section */
		3C1725E21F75B04A005E0DEA /* Project object */ = {
			isa = PBXProject;
			attributes = {
				LastSwiftUpdateCheck = 0820;
				LastUpgradeCheck = 0820;
				ORGANIZATIONNAME = Eafit;
				TargetAttributes = {
					3C1725E91F75B04A005E0DEA = {
						CreatedOnToolsVersion = 8.2.1;
						ProvisioningStyle = Automatic;
					};
				};
			};
			buildConfigurationList = 3C1725E51F75B04A005E0DEA /* Build configuration list for PBXProject "PresentANewViewController" */;
			compatibilityVersion = "Xcode 3.2";
			developmentRegion = English;
			hasScannedForEncodings = 0;
			knownRegions = (
				en,
				Base,
			);
			mainGroup = 3C1725E11F75B04A005E0DEA;
			productRefGroup = 3C1725EB1F75B04A005E0DEA /* Products */;
			projectDirPath = "";
			projectRoot = "";
			targets = (
				3C1725E91F75B04A005E0DEA /* PresentANewViewController */,
			);
		};
/* End PBXProject section */

/* Begin PBXResourcesBuildPhase section */
		3C1725E81F75B04A005E0DEA /* Resources */ = {
			isa = PBXResourcesBuildPhase;
			buildActionMask = 2147483647;
			files = (
				3C1725F81F75B04A005E0DEA /* LaunchScreen.storyboard in Resources */,
				3C1725F51F75B04A005E0DEA /* Assets.xcassets in Resources */,
				3C1725F31F75B04A005E0DEA /* Main.storyboard in Resources */,
			);
			runOnlyForDeploymentPostprocessing = 0;
		};
/* End PBXResourcesBuildPhase section */

/* Begin PBXSourcesBuildPhase section */
		3C1725E61F75B04A005E0DEA /* Sources */ = {
			isa = PBXSourcesBuildPhase;
			buildActionMask = 2147483647;
			files = (
				3C17260C1F760795005E0DEA /* LoginViewController.swift in Sources */,
				3C1726011F75B194005E0DEA /* ViewController.swift in Sources */,
				3C17260D1F760795005E0DEA /* PresentViewController.swift in Sources */,
				3C1726031F75B455005E0DEA /* GreetingsViewController.swift in Sources */,
				3C1725EE1F75B04A005E0DEA /* AppDelegate.swift in Sources */,
			);
			runOnlyForDeploymentPostprocessing = 0;
		};
/* End PBXSourcesBuildPhase section */

/* Begin PBXVariantGroup section */
		3C1725F11F75B04A005E0DEA /* Main.storyboard */ = {
			isa = PBXVariantGroup;
			children = (
				3C1725F21F75B04A005E0DEA /* Base */,
			);
			name = Main.storyboard;
			sourceTree = "<group>";
		};
		3C1725F61F75B04A005E0DEA /* LaunchScreen.storyboard */ = {
			isa = PBXVariantGroup;
			children = (
				3C1725F71F75B04A005E0DEA /* Base */,
			);
			name = LaunchScreen.storyboard;
			sourceTree = "<group>";
		};
/* End PBXVariantGroup section */

/* Begin XCBuildConfiguration section */
		3C1725FA1F75B04A005E0DEA /* Debug */ = {
			isa = XCBuildConfiguration;
			buildSettings = {
				ALWAYS_SEARCH_USER_PATHS = NO;
				CLANG_ANALYZER_NONNULL = YES;
				CLANG_CXX_LANGUAGE_STANDARD = "gnu++0x";
				CLANG_CXX_LIBRARY = "libc++";
				CLANG_ENABLE_MODULES = YES;
				CLANG_ENABLE_OBJC_ARC = YES;
				CLANG_WARN_BOOL_CONVERSION = YES;
				CLANG_WARN_CONSTANT_CONVERSION = YES;
				CLANG_WARN_DIRECT_OBJC_ISA_USAGE = YES_ERROR;
				CLANG_WARN_DOCUMENTATION_COMMENTS = YES;
				CLANG_WARN_EMPTY_BODY = YES;
				CLANG_WARN_ENUM_CONVERSION = YES;
				CLANG_WARN_INFINITE_RECURSION = YES;
				CLANG_WARN_INT_CONVERSION = YES;
				CLANG_WARN_OBJC_ROOT_CLASS = YES_ERROR;
				CLANG_WARN_SUSPICIOUS_MOVE = YES;
				CLANG_WARN_UNREACHABLE_CODE = YES;
				CLANG_WARN__DUPLICATE_METHOD_MATCH = YES;
				"CODE_SIGN_IDENTITY[sdk=iphoneos*]" = "iPhone Developer";
				COPY_PHASE_STRIP = NO;
				DEBUG_INFORMATION_FORMAT = dwarf;
				ENABLE_STRICT_OBJC_MSGSEND = YES;
				ENABLE_TESTABILITY = YES;
				GCC_C_LANGUAGE_STANDARD = gnu99;
				GCC_DYNAMIC_NO_PIC = NO;
				GCC_NO_COMMON_BLOCKS = YES;
				GCC_OPTIMIZATION_LEVEL = 0;
				GCC_PREPROCESSOR_DEFINITIONS = (
					"DEBUG=1",
					"$(inherited)",
				);
				GCC_WARN_64_TO_32_BIT_CONVERSION = YES;
				GCC_WARN_ABOUT_RETURN_TYPE = YES_ERROR;
				GCC_WARN_UNDECLARED_SELECTOR = YES;
				GCC_WARN_UNINITIALIZED_AUTOS = YES_AGGRESSIVE;
				GCC_WARN_UNUSED_FUNCTION = YES;
				GCC_WARN_UNUSED_VARIABLE = YES;
				IPHONEOS_DEPLOYMENT_TARGET = 10.2;
				MTL_ENABLE_DEBUG_INFO = YES;
				ONLY_ACTIVE_ARCH = YES;
				SDKROOT = iphoneos;
				SWIFT_ACTIVE_COMPILATION_CONDITIONS = DEBUG;
				SWIFT_OPTIMIZATION_LEVEL = "-Onone";
				TARGETED_DEVICE_FAMILY = "1,2";
			};
			name = Debug;
		};
		3C1725FB1F75B04A005E0DEA /* Release */ = {
			isa = XCBuildConfiguration;
			buildSettings = {
				ALWAYS_SEARCH_USER_PATHS = NO;
				CLANG_ANALYZER_NONNULL = YES;
				CLANG_CXX_LANGUAGE_STANDARD = "gnu++0x";
				CLANG_CXX_LIBRARY = "libc++";
				CLANG_ENABLE_MODULES = YES;
				CLANG_ENABLE_OBJC_ARC = YES;
				CLANG_WARN_BOOL_CONVERSION = YES;
				CLANG_WARN_CONSTANT_CONVERSION = YES;
				CLANG_WARN_DIRECT_OBJC_ISA_USAGE = YES_ERROR;
				CLANG_WARN_DOCUMENTATION_COMMENTS = YES;
				CLANG_WARN_EMPTY_BODY = YES;
				CLANG_WARN_ENUM_CONVERSION = YES;
				CLANG_WARN_INFINITE_RECURSION = YES;
				CLANG_WARN_INT_CONVERSION = YES;
				CLANG_WARN_OBJC_ROOT_CLASS = YES_ERROR;
				CLANG_WARN_SUSPICIOUS_MOVE = YES;
				CLANG_WARN_UNREACHABLE_CODE = YES;
				CLANG_WARN__DUPLICATE_METHOD_MATCH = YES;
				"CODE_SIGN_IDENTITY[sdk=iphoneos*]" = "iPhone Developer";
				COPY_PHASE_STRIP = NO;
				DEBUG_INFORMATION_FORMAT = "dwarf-with-dsym";
				ENABLE_NS_ASSERTIONS = NO;
				ENABLE_STRICT_OBJC_MSGSEND = YES;
				GCC_C_LANGUAGE_STANDARD = gnu99;
				GCC_NO_COMMON_BLOCKS = YES;
				GCC_WARN_64_TO_32_BIT_CONVERSION = YES;
				GCC_WARN_ABOUT_RETURN_TYPE = YES_ERROR;
				GCC_WARN_UNDECLARED_SELECTOR = YES;
				GCC_WARN_UNINITIALIZED_AUTOS = YES_AGGRESSIVE;
				GCC_WARN_UNUSED_FUNCTION = YES;
				GCC_WARN_UNUSED_VARIABLE = YES;
				IPHONEOS_DEPLOYMENT_TARGET = 10.2;
				MTL_ENABLE_DEBUG_INFO = NO;
				SDKROOT = iphoneos;
				SWIFT_OPTIMIZATION_LEVEL = "-Owholemodule";
				TARGETED_DEVICE_FAMILY = "1,2";
				VALIDATE_PRODUCT = YES;
			};
			name = Release;
		};
		3C1725FD1F75B04A005E0DEA /* Debug */ = {
			isa = XCBuildConfiguration;
			buildSettings = {
				ASSETCATALOG_COMPILER_APPICON_NAME = AppIcon;
				INFOPLIST_FILE = PresentANewViewController/Info.plist;
				LD_RUNPATH_SEARCH_PATHS = "$(inherited) @executable_path/Frameworks";
				PRODUCT_BUNDLE_IDENTIFIER = co.edu.eafit.PresentANewViewController;
				PRODUCT_NAME = "$(TARGET_NAME)";
				SWIFT_VERSION = 3.0;
			};
			name = Debug;
		};
		3C1725FE1F75B04A005E0DEA /* Release */ = {
			isa = XCBuildConfiguration;
			buildSettings = {
				ASSETCATALOG_COMPILER_APPICON_NAME = AppIcon;
				INFOPLIST_FILE = PresentANewViewController/Info.plist;
				LD_RUNPATH_SEARCH_PATHS = "$(inherited) @executable_path/Frameworks";
				PRODUCT_BUNDLE_IDENTIFIER = co.edu.eafit.PresentANewViewController;
				PRODUCT_NAME = "$(TARGET_NAME)";
				SWIFT_VERSION = 3.0;
			};
			name = Release;
		};
/* End XCBuildConfiguration section */

/* Begin XCConfigurationList section */
		3C1725E51F75B04A005E0DEA /* Build configuration list for PBXProject "PresentANewViewController" */ = {
			isa = XCConfigurationList;
			buildConfigurations = (
				3C1725FA1F75B04A005E0DEA /* Debug */,
				3C1725FB1F75B04A005E0DEA /* Release */,
			);
			defaultConfigurationIsVisible = 0;
			defaultConfigurationName = Release;
		};
		3C1725FC1F75B04A005E0DEA /* Build configuration list for PBXNativeTarget "PresentANewViewController" */ = {
			isa = XCConfigurationList;
			buildConfigurations = (
				3C1725FD1F75B04A005E0DEA /* Debug */,
				3C1725FE1F75B04A005E0DEA /* Release */,
			);
			defaultConfigurationIsVisible = 0;
		};
/* End XCConfigurationList section */
	};
	rootObject = 3C1725E21F75B04A005E0DEA /* Project object */;
}
